
Microsoft Visual Studio Solution File, Format Version 12.00
# Visual Studio Version 17
VisualStudioVersion = 17.4.33110.190
MinimumVisualStudioVersion = 10.0.40219.1
Project("{9A19103F-16F7-4668-BE54-9A1E7A4F7556}") = "Hospital", "Hospital.csproj", "{B20FA376-9A48-4CBC-897B-DB296931BDAC}"
EndProject
Project("{9A19103F-16F7-4668-BE54-9A1E7A4F7556}") = "Independent Work", "..\Independent Work\ConsoleApp49\Independent Work.csproj", "{4C4BFE6B-DB87-4707-B83E-E027B1A0815B}"
EndProject
Global
	GlobalSection(SolutionConfigurationPlatforms) = preSolution
		Debug|Any CPU = Debug|Any CPU
		Release|Any CPU = Release|Any CPU
	EndGlobalSection
	GlobalSection(ProjectConfigurationPlatforms) = postSolution
		{B20FA376-9A48-4CBC-897B-DB296931BDAC}.Debug|Any CPU.ActiveCfg = Debug|Any CPU
		{B20FA376-9A48-4CBC-897B-DB296931BDAC}.Debug|Any CPU.Build.0 = Debug|Any CPU
		{B20FA376-9A48-4CBC-897B-DB296931BDAC}.Release|Any CPU.ActiveCfg = Release|Any CPU
		{B20FA376-9A48-4CBC-897B-DB296931BDAC}.Release|Any CPU.Build.0 = Release|Any CPU
		{4C4BFE6B-DB87-4707-B83E-E027B1A0815B}.Debug|Any CPU.ActiveCfg = Debug|Any CPU
		{4C4BFE6B-DB87-4707-B83E-E027B1A0815B}.Debug|Any CPU.Build.0 = Debug|Any CPU
		{4C4BFE6B-DB87-4707-B83E-E027B1A0815B}.Release|Any CPU.ActiveCfg = Release|Any CPU
		{4C4BFE6B-DB87-4707-B83E-E027B1A0815B}.Release|Any CPU.Build.0 = Release|Any CPU
	EndGlobalSection
	GlobalSection(SolutionProperties) = preSolution
		HideSolutionNode = FALSE
	EndGlobalSection
	GlobalSection(ExtensibilityGlobals) = postSolution
		SolutionGuid = {89552FFF-D764-4116-A83F-EE39A4BAB91F}
	EndGlobalSection
EndGlobal
